
Microsoft Visual Studio Solution File, Format Version 12.00
# Visual Studio 15
VisualStudioVersion = 15.0.26124.0
MinimumVisualStudioVersion = 15.0.26124.0
Project("{FAE04EC0-301F-11D3-BF4B-00C04F79EFBC}") = "Domain", "Domain\Domain.csproj", "{821DBFE9-ED3B-4D1B-9293-A6B733DF7C14}"
EndProject
Project("{FAE04EC0-301F-11D3-BF4B-00C04F79EFBC}") = "API", "API\API.csproj", "{6D34663C-94CF-43C4-9CBF-9DD085359182}"
EndProject
Project("{FAE04EC0-301F-11D3-BF4B-00C04F79EFBC}") = "Application", "Application\Application.csproj", "{64AB9DFE-AB13-4326-B80A-A15C0A7C23F7}"
EndProject
Project("{FAE04EC0-301F-11D3-BF4B-00C04F79EFBC}") = "Persistence", "Persistence\Persistence.csproj", "{84DB8A24-0788-4469-BF39-F91C738F94FC}"
EndProject
Global
	GlobalSection(SolutionConfigurationPlatforms) = preSolution
		Debug|Any CPU = Debug|Any CPU
		Debug|x64 = Debug|x64
		Debug|x86 = Debug|x86
		Release|Any CPU = Release|Any CPU
		Release|x64 = Release|x64
		Release|x86 = Release|x86
	EndGlobalSection
	GlobalSection(SolutionProperties) = preSolution
		HideSolutionNode = FALSE
	EndGlobalSection
	GlobalSection(ProjectConfigurationPlatforms) = postSolution
		{821DBFE9-ED3B-4D1B-9293-A6B733DF7C14}.Debug|Any CPU.ActiveCfg = Debug|Any CPU
		{821DBFE9-ED3B-4D1B-9293-A6B733DF7C14}.Debug|Any CPU.Build.0 = Debug|Any CPU
		{821DBFE9-ED3B-4D1B-9293-A6B733DF7C14}.Debug|x64.ActiveCfg = Debug|Any CPU
		{821DBFE9-ED3B-4D1B-9293-A6B733DF7C14}.Debug|x64.Build.0 = Debug|Any CPU
		{821DBFE9-ED3B-4D1B-9293-A6B733DF7C14}.Debug|x86.ActiveCfg = Debug|Any CPU
		{821DBFE9-ED3B-4D1B-9293-A6B733DF7C14}.Debug|x86.Build.0 = Debug|Any CPU
		{821DBFE9-ED3B-4D1B-9293-A6B733DF7C14}.Release|Any CPU.ActiveCfg = Release|Any CPU
		{821DBFE9-ED3B-4D1B-9293-A6B733DF7C14}.Release|Any CPU.Build.0 = Release|Any CPU
		{821DBFE9-ED3B-4D1B-9293-A6B733DF7C14}.Release|x64.ActiveCfg = Release|Any CPU
		{821DBFE9-ED3B-4D1B-9293-A6B733DF7C14}.Release|x64.Build.0 = Release|Any CPU
		{821DBFE9-ED3B-4D1B-9293-A6B733DF7C14}.Release|x86.ActiveCfg = Release|Any CPU
		{821DBFE9-ED3B-4D1B-9293-A6B733DF7C14}.Release|x86.Build.0 = Release|Any CPU
		{6D34663C-94CF-43C4-9CBF-9DD085359182}.Debug|Any CPU.ActiveCfg = Debug|Any CPU
		{6D34663C-94CF-43C4-9CBF-9DD085359182}.Debug|Any CPU.Build.0 = Debug|Any CPU
		{6D34663C-94CF-43C4-9CBF-9DD085359182}.Debug|x64.ActiveCfg = Debug|Any CPU
		{6D34663C-94CF-43C4-9CBF-9DD085359182}.Debug|x64.Build.0 = Debug|Any CPU
		{6D34663C-94CF-43C4-9CBF-9DD085359182}.Debug|x86.ActiveCfg = Debug|Any CPU
		{6D34663C-94CF-43C4-9CBF-9DD085359182}.Debug|x86.Build.0 = Debug|Any CPU
		{6D34663C-94CF-43C4-9CBF-9DD085359182}.Release|Any CPU.ActiveCfg = Release|Any CPU
		{6D34663C-94CF-43C4-9CBF-9DD085359182}.Release|Any CPU.Build.0 = Release|Any CPU
		{6D34663C-94CF-43C4-9CBF-9DD085359182}.Release|x64.ActiveCfg = Release|Any CPU
		{6D34663C-94CF-43C4-9CBF-9DD085359182}.Release|x64.Build.0 = Release|Any CPU
		{6D34663C-94CF-43C4-9CBF-9DD085359182}.Release|x86.ActiveCfg = Release|Any CPU
		{6D34663C-94CF-43C4-9CBF-9DD085359182}.Release|x86.Build.0 = Release|Any CPU
		{64AB9DFE-AB13-4326-B80A-A15C0A7C23F7}.Debug|Any CPU.ActiveCfg = Debug|Any CPU
		{64AB9DFE-AB13-4326-B80A-A15C0A7C23F7}.Debug|Any CPU.Build.0 = Debug|Any CPU
		{64AB9DFE-AB13-4326-B80A-A15C0A7C23F7}.Debug|x64.ActiveCfg = Debug|Any CPU
		{64AB9DFE-AB13-4326-B80A-A15C0A7C23F7}.Debug|x64.Build.0 = Debug|Any CPU
		{64AB9DFE-AB13-4326-B80A-A15C0A7C23F7}.Debug|x86.ActiveCfg = Debug|Any CPU
		{64AB9DFE-AB13-4326-B80A-A15C0A7C23F7}.Debug|x86.Build.0 = Debug|Any CPU
		{64AB9DFE-AB13-4326-B80A-A15C0A7C23F7}.Release|Any CPU.ActiveCfg = Release|Any CPU
		{64AB9DFE-AB13-4326-B80A-A15C0A7C23F7}.Release|Any CPU.Build.0 = Release|Any CPU
		{64AB9DFE-AB13-4326-B80A-A15C0A7C23F7}.Release|x64.ActiveCfg = Release|Any CPU
		{64AB9DFE-AB13-4326-B80A-A15C0A7C23F7}.Release|x64.Build.0 = Release|Any CPU
		{64AB9DFE-AB13-4326-B80A-A15C0A7C23F7}.Release|x86.ActiveCfg = Release|Any CPU
		{64AB9DFE-AB13-4326-B80A-A15C0A7C23F7}.Release|x86.Build.0 = Release|Any CPU
		{84DB8A24-0788-4469-BF39-F91C738F94FC}.Debug|Any CPU.ActiveCfg = Debug|Any CPU
		{84DB8A24-0788-4469-BF39-F91C738F94FC}.Debug|Any CPU.Build.0 = Debug|Any CPU
		{84DB8A24-0788-4469-BF39-F91C738F94FC}.Debug|x64.ActiveCfg = Debug|Any CPU
		{84DB8A24-0788-4469-BF39-F91C738F94FC}.Debug|x64.Build.0 = Debug|Any CPU
		{84DB8A24-0788-4469-BF39-F91C738F94FC}.Debug|x86.ActiveCfg = Debug|Any CPU
		{84DB8A24-0788-4469-BF39-F91C738F94FC}.Debug|x86.Build.0 = Debug|Any CPU
		{84DB8A24-0788-4469-BF39-F91C738F94FC}.Release|Any CPU.ActiveCfg = Release|Any CPU
		{84DB8A24-0788-4469-BF39-F91C738F94FC}.Release|Any CPU.Build.0 = Release|Any CPU
		{84DB8A24-0788-4469-BF39-F91C738F94FC}.Release|x64.ActiveCfg = Release|Any CPU
		{84DB8A24-0788-4469-BF39-F91C738F94FC}.Release|x64.Build.0 = Release|Any CPU
		{84DB8A24-0788-4469-BF39-F91C738F94FC}.Release|x86.ActiveCfg = Release|Any CPU
		{84DB8A24-0788-4469-BF39-F91C738F94FC}.Release|x86.Build.0 = Release|Any CPU
	EndGlobalSection
EndGlobal
